// !$*UTF8*$!
{
	archiveVersion = 1;
	classes = {
	};
	objectVersion = 48;
	objects = {

/* Begin PBXBuildFile section */
		AEB6052A1FDEF3D300988871 /* AppDelegate.swift in Sources */ = {isa = PBXBuildFile; fileRef = AEB605291FDEF3D300988871 /* AppDelegate.swift */; };
		AEB6052C1FDEF3D300988871 /* ViewController.swift in Sources */ = {isa = PBXBuildFile; fileRef = AEB6052B1FDEF3D300988871 /* ViewController.swift */; };
		AEB6052F1FDEF3D300988871 /* Main.storyboard in Resources */ = {isa = PBXBuildFile; fileRef = AEB6052D1FDEF3D300988871 /* Main.storyboard */; };
		AEB605311FDEF3D300988871 /* Assets.xcassets in Resources */ = {isa = PBXBuildFile; fileRef = AEB605301FDEF3D300988871 /* Assets.xcassets */; };
		AEB605341FDEF3D300988871 /* LaunchScreen.storyboard in Resources */ = {isa = PBXBuildFile; fileRef = AEB605321FDEF3D300988871 /* LaunchScreen.storyboard */; };
		AEB6053F1FDEF3D300988871 /* hello_worldTests.swift in Sources */ = {isa = PBXBuildFile; fileRef = AEB6053E1FDEF3D300988871 /* hello_worldTests.swift */; };
		AEB6054A1FDEF3D300988871 /* hello_worldUITests.swift in Sources */ = {isa = PBXBuildFile; fileRef = AEB605491FDEF3D300988871 /* hello_worldUITests.swift */; };
/* End PBXBuildFile section */

/* Begin PBXContainerItemProxy section */
		AEB6053B1FDEF3D300988871 /* PBXContainerItemProxy */ = {
			isa = PBXContainerItemProxy;
			containerPortal = AEB6051E1FDEF3D300988871 /* Project object */;
			proxyType = 1;
			remoteGlobalIDString = AEB605251FDEF3D300988871;
			remoteInfo = "hello world";
		};
		AEB605461FDEF3D300988871 /* PBXContainerItemProxy */ = {
			isa = PBXContainerItemProxy;
			containerPortal = AEB6051E1FDEF3D300988871 /* Project object */;
			proxyType = 1;
			remoteGlobalIDString = AEB605251FDEF3D300988871;
			remoteInfo = "hello world";
		};
/* End PBXContainerItemProxy section */

/* Begin PBXFileReference section */
		AEB605261FDEF3D300988871 /* hello world.app */ = {isa = PBXFileReference; explicitFileType = wrapper.application; includeInIndex = 0; path = "hello world.app"; sourceTree = BUILT_PRODUCTS_DIR; };
		AEB605291FDEF3D300988871 /* AppDelegate.swift */ = {isa = PBXFileReference; lastKnownFileType = sourcecode.swift; path = AppDelegate.swift; sourceTree = "<group>"; };
		AEB6052B1FDEF3D300988871 /* ViewController.swift */ = {isa = PBXFileReference; lastKnownFileType = sourcecode.swift; path = ViewController.swift; sourceTree = "<group>"; };
		AEB6052E1FDEF3D300988871 /* Base */ = {isa = PBXFileReference; lastKnownFileType = file.storyboard; name = Base; path = Base.lproj/Main.storyboard; sourceTree = "<group>"; };
		AEB605301FDEF3D300988871 /* Assets.xcassets */ = {isa = PBXFileReference; lastKnownFileType = folder.assetcatalog; path = Assets.xcassets; sourceTree = "<group>"; };
		AEB605331FDEF3D300988871 /* Base */ = {isa = PBXFileReference; lastKnownFileType = file.storyboard; name = Base; path = Base.lproj/LaunchScreen.storyboard; sourceTree = "<group>"; };
		AEB605351FDEF3D300988871 /* Info.plist */ = {isa = PBXFileReference; lastKnownFileType = text.plist.xml; path = Info.plist; sourceTree = "<group>"; };
		AEB6053A1FDEF3D300988871 /* hello worldTests.xctest */ = {isa = PBXFileReference; explicitFileType = wrapper.cfbundle; includeInIndex = 0; path = "hello worldTests.xctest"; sourceTree = BUILT_PRODUCTS_DIR; };
		AEB6053E1FDEF3D300988871 /* hello_worldTests.swift */ = {isa = PBXFileReference; lastKnownFileType = sourcecode.swift; path = hello_worldTests.swift; sourceTree = "<group>"; };
		AEB605401FDEF3D300988871 /* Info.plist */ = {isa = PBXFileReference; lastKnownFileType = text.plist.xml; path = Info.plist; sourceTree = "<group>"; };
		AEB605451FDEF3D300988871 /* hello worldUITests.xctest */ = {isa = PBXFileReference; explicitFileType = wrapper.cfbundle; includeInIndex = 0; path = "hello worldUITests.xctest"; sourceTree = BUILT_PRODUCTS_DIR; };
		AEB605491FDEF3D300988871 /* hello_worldUITests.swift */ = {isa = PBXFileReference; lastKnownFileType = sourcecode.swift; path = hello_worldUITests.swift; sourceTree = "<group>"; };
		AEB6054B1FDEF3D300988871 /* Info.plist */ = {isa = PBXFileReference; lastKnownFileType = text.plist.xml; path = Info.plist; sourceTree = "<group>"; };
/* End PBXFileReference section */

/* Begin PBXFrameworksBuildPhase section */
		AEB605231FDEF3D300988871 /* Frameworks */ = {
			isa = PBXFrameworksBuildPhase;
			buildActionMask = 2147483647;
			files = (
			);
			runOnlyForDeploymentPostprocessing = 0;
		};
		AEB605371FDEF3D300988871 /* Frameworks */ = {
			isa = PBXFrameworksBuildPhase;
			buildActionMask = 2147483647;
			files = (
			);
			runOnlyForDeploymentPostprocessing = 0;
		};
		AEB605421FDEF3D300988871 /* Frameworks */ = {
			isa = PBXFrameworksBuildPhase;
			buildActionMask = 2147483647;
			files = (
			);
			runOnlyForDeploymentPostprocessing = 0;
		};
/* End PBXFrameworksBuildPhase section */

/* Begin PBXGroup section */
		AEB6051D1FDEF3D300988871 = {
			isa = PBXGroup;
			children = (
				AEB605281FDEF3D300988871 /* hello world */,
				AEB6053D1FDEF3D300988871 /* hello worldTests */,
				AEB605481FDEF3D300988871 /* hello worldUITests */,
				AEB605271FDEF3D300988871 /* Products */,
			);
			sourceTree = "<group>";
		};
		AEB605271FDEF3D300988871 /* Products */ = {
			isa = PBXGroup;
			children = (
				AEB605261FDEF3D300988871 /* hello world.app */,
				AEB6053A1FDEF3D300988871 /* hello worldTests.xctest */,
				AEB605451FDEF3D300988871 /* hello worldUITests.xctest */,
			);
			name = Products;
			sourceTree = "<group>";
		};
		AEB605281FDEF3D300988871 /* hello world */ = {
			isa = PBXGroup;
			children = (
				AEB605291FDEF3D300988871 /* AppDelegate.swift */,
				AEB6052B1FDEF3D300988871 /* ViewController.swift */,
				AEB6052D1FDEF3D300988871 /* Main.storyboard */,
				AEB605301FDEF3D300988871 /* Assets.xcassets */,
				AEB605321FDEF3D300988871 /* LaunchScreen.storyboard */,
				AEB605351FDEF3D300988871 /* Info.plist */,
			);
			path = "hello world";
			sourceTree = "<group>";
		};
		AEB6053D1FDEF3D300988871 /* hello worldTests */ = {
			isa = PBXGroup;
			children = (
				AEB6053E1FDEF3D300988871 /* hello_worldTests.swift */,
				AEB605401FDEF3D300988871 /* Info.plist */,
			);
			path = "hello worldTests";
			sourceTree = "<group>";
		};
		AEB605481FDEF3D300988871 /* hello worldUITests */ = {
			isa = PBXGroup;
			children = (
				AEB605491FDEF3D300988871 /* hello_worldUITests.swift */,
				AEB6054B1FDEF3D300988871 /* Info.plist */,
			);
			path = "hello worldUITests";
			sourceTree = "<group>";
		};
/* End PBXGroup section */

/* Begin PBXNativeTarget section */
		AEB605251FDEF3D300988871 /* hello world */ = {
			isa = PBXNativeTarget;
			buildConfigurationList = AEB6054E1FDEF3D400988871 /* Build configuration list for PBXNativeTarget "hello world" */;
			buildPhases = (
				AEB605221FDEF3D300988871 /* Sources */,
				AEB605231FDEF3D300988871 /* Frameworks */,
				AEB605241FDEF3D300988871 /* Resources */,
			);
			buildRules = (
			);
			dependencies = (
			);
			name = "hello world";
			productName = "hello world";
			productReference = AEB605261FDEF3D300988871 /* hello world.app */;
			productType = "com.apple.product-type.application";
		};
		AEB605391FDEF3D300988871 /* hello worldTests */ = {
			isa = PBXNativeTarget;
			buildConfigurationList = AEB605511FDEF3D400988871 /* Build configuration list for PBXNativeTarget "hello worldTests" */;
			buildPhases = (
				AEB605361FDEF3D300988871 /* Sources */,
				AEB605371FDEF3D300988871 /* Frameworks */,
				AEB605381FDEF3D300988871 /* Resources */,
			);
			buildRules = (
			);
			dependencies = (
				AEB6053C1FDEF3D300988871 /* PBXTargetDependency */,
			);
			name = "hello worldTests";
			productName = "hello worldTests";
			productReference = AEB6053A1FDEF3D300988871 /* hello worldTests.xctest */;
			productType = "com.apple.product-type.bundle.unit-test";
		};
		AEB605441FDEF3D300988871 /* hello worldUITests */ = {
			isa = PBXNativeTarget;
			buildConfigurationList = AEB605541FDEF3D400988871 /* Build configuration list for PBXNativeTarget "hello worldUITests" */;
			buildPhases = (
				AEB605411FDEF3D300988871 /* Sources */,
				AEB605421FDEF3D300988871 /* Frameworks */,
				AEB605431FDEF3D300988871 /* Resources */,
			);
			buildRules = (
			);
			dependencies = (
				AEB605471FDEF3D300988871 /* PBXTargetDependency */,
			);
			name = "hello worldUITests";
			productName = "hello worldUITests";
			productReference = AEB605451FDEF3D300988871 /* hello worldUITests.xctest */;
			productType = "com.apple.product-type.bundle.ui-testing";
		};
/* End PBXNativeTarget section */

/* Begin PBXProject section */
		AEB6051E1FDEF3D300988871 /* Project object */ = {
			isa = PBXProject;
			attributes = {
				LastSwiftUpdateCheck = 0910;
				LastUpgradeCheck = 0910;
				ORGANIZATIONNAME = xcode;
				TargetAttributes = {
					AEB605251FDEF3D300988871 = {
						CreatedOnToolsVersion = 9.1;
						ProvisioningStyle = Automatic;
					};
					AEB605391FDEF3D300988871 = {
						CreatedOnToolsVersion = 9.1;
						ProvisioningStyle = Automatic;
						TestTargetID = AEB605251FDEF3D300988871;
					};
					AEB605441FDEF3D300988871 = {
						CreatedOnToolsVersion = 9.1;
						ProvisioningStyle = Automatic;
						TestTargetID = AEB605251FDEF3D300988871;
					};
				};
			};
			buildConfigurationList = AEB605211FDEF3D300988871 /* Build configuration list for PBXProject "hello world" */;
			compatibilityVersion = "Xcode 8.0";
			developmentRegion = en;
			hasScannedForEncodings = 0;
			knownRegions = (
				en,
				Base,
			);
			mainGroup = AEB6051D1FDEF3D300988871;
			productRefGroup = AEB605271FDEF3D300988871 /* Products */;
			projectDirPath = "";
			projectRoot = "";
			targets = (
				AEB605251FDEF3D300988871 /* hello world */,
				AEB605391FDEF3D300988871 /* hello worldTests */,
				AEB605441FDEF3D300988871 /* hello worldUITests */,
			);
		};
/* End PBXProject section */

/* Begin PBXResourcesBuildPhase section */
		AEB605241FDEF3D300988871 /* Resources */ = {
			isa = PBXResourcesBuildPhase;
			buildActionMask = 2147483647;
			files = (
				AEB605341FDEF3D300988871 /* LaunchScreen.storyboard in Resources */,
				AEB605311FDEF3D300988871 /* Assets.xcassets in Resources */,
				AEB6052F1FDEF3D300988871 /* Main.storyboard in Resources */,
			);
			runOnlyForDeploymentPostprocessing = 0;
		};
		AEB605381FDEF3D300988871 /* Resources */ = {
			isa = PBXResourcesBuildPhase;
			buildActionMask = 2147483647;
			files = (
			);
			runOnlyForDeploymentPostprocessing = 0;
		};
		AEB605431FDEF3D300988871 /* Resources */ = {
			isa = PBXResourcesBuildPhase;
			buildActionMask = 2147483647;
			files = (
			);
			runOnlyForDeploymentPostprocessing = 0;
		};
/* End PBXResourcesBuildPhase section */

/* Begin PBXSourcesBuildPhase section */
		AEB605221FDEF3D300988871 /* Sources */ = {
			isa = PBXSourcesBuildPhase;
			buildActionMask = 2147483647;
			files = (
				AEB6052C1FDEF3D300988871 /* ViewController.swift in Sources */,
				AEB6052A1FDEF3D300988871 /* AppDelegate.swift in Sources */,
			);
			runOnlyForDeploymentPostprocessing = 0;
		};
		AEB605361FDEF3D300988871 /* Sources */ = {
			isa = PBXSourcesBuildPhase;
			buildActionMask = 2147483647;
			files = (
				AEB6053F1FDEF3D300988871 /* hello_worldTests.swift in Sources */,
			);
			runOnlyForDeploymentPostprocessing = 0;
		};
		AEB605411FDEF3D300988871 /* Sources */ = {
			isa = PBXSourcesBuildPhase;
			buildActionMask = 2147483647;
			files = (
				AEB6054A1FDEF3D300988871 /* hello_worldUITests.swift in Sources */,
			);
			runOnlyForDeploymentPostprocessing = 0;
		};
/* End PBXSourcesBuildPhase section */

/* Begin PBXTargetDependency section */
		AEB6053C1FDEF3D300988871 /* PBXTargetDependency */ = {
			isa = PBXTargetDependency;
			target = AEB605251FDEF3D300988871 /* hello world */;
			targetProxy = AEB6053B1FDEF3D300988871 /* PBXContainerItemProxy */;
		};
		AEB605471FDEF3D300988871 /* PBXTargetDependency */ = {
			isa = PBXTargetDependency;
			target = AEB605251FDEF3D300988871 /* hello world */;
			targetProxy = AEB605461FDEF3D300988871 /* PBXContainerItemProxy */;
		};
/* End PBXTargetDependency section */

/* Begin PBXVariantGroup section */
		AEB6052D1FDEF3D300988871 /* Main.storyboard */ = {
			isa = PBXVariantGroup;
			children = (
				AEB6052E1FDEF3D300988871 /* Base */,
			);
			name = Main.storyboard;
			sourceTree = "<group>";
		};
		AEB605321FDEF3D300988871 /* LaunchScreen.storyboard */ = {
			isa = PBXVariantGroup;
			children = (
				AEB605331FDEF3D300988871 /* Base */,
			);
			name = LaunchScreen.storyboard;
			sourceTree = "<group>";
		};
/* End PBXVariantGroup section */

/* Begin XCBuildConfiguration section */
		AEB6054C1FDEF3D400988871 /* Debug */ = {
			isa = XCBuildConfiguration;
			buildSettings = {
				ALWAYS_SEARCH_USER_PATHS = NO;
				CLANG_ANALYZER_NONNULL = YES;
				CLANG_ANALYZER_NUMBER_OBJECT_CONVERSION = YES_AGGRESSIVE;
				CLANG_CXX_LANGUAGE_STANDARD = "gnu++14";
				CLANG_CXX_LIBRARY = "libc++";
				CLANG_ENABLE_MODULES = YES;
				CLANG_ENABLE_OBJC_ARC = YES;
				CLANG_WARN_BLOCK_CAPTURE_AUTORELEASING = YES;
				CLANG_WARN_BOOL_CONVERSION = YES;
				CLANG_WARN_COMMA = YES;
				CLANG_WARN_CONSTANT_CONVERSION = YES;
				CLANG_WARN_DIRECT_OBJC_ISA_USAGE = YES_ERROR;
				CLANG_WARN_DOCUMENTATION_COMMENTS = YES;
				CLANG_WARN_EMPTY_BODY = YES;
				CLANG_WARN_ENUM_CONVERSION = YES;
				CLANG_WARN_INFINITE_RECURSION = YES;
				CLANG_WARN_INT_CONVERSION = YES;
				CLANG_WARN_NON_LITERAL_NULL_CONVERSION = YES;
				CLANG_WARN_OBJC_LITERAL_CONVERSION = YES;
				CLANG_WARN_OBJC_ROOT_CLASS = YES_ERROR;
				CLANG_WARN_RANGE_LOOP_ANALYSIS = YES;
				CLANG_WARN_STRICT_PROTOTYPES = YES;
				CLANG_WARN_SUSPICIOUS_MOVE = YES;
				CLANG_WARN_UNGUARDED_AVAILABILITY = YES_AGGRESSIVE;
				CLANG_WARN_UNREACHABLE_CODE = YES;
				CLANG_WARN__DUPLICATE_METHOD_MATCH = YES;
				CODE_SIGN_IDENTITY = "iPhone Developer";
				COPY_PHASE_STRIP = NO;
				DEBUG_INFORMATION_FORMAT = dwarf;
				ENABLE_STRICT_OBJC_MSGSEND = YES;
				ENABLE_TESTABILITY = YES;
				GCC_C_LANGUAGE_STANDARD = gnu11;
				GCC_DYNAMIC_NO_PIC = NO;
				GCC_NO_COMMON_BLOCKS = YES;
				GCC_OPTIMIZATION_LEVEL = 0;
				GCC_PREPROCESSOR_DEFINITIONS = (
					"DEBUG=1",
					"$(inherited)",
				);
				GCC_WARN_64_TO_32_BIT_CONVERSION = YES;
				GCC_WARN_ABOUT_RETURN_TYPE = YES_ERROR;
				GCC_WARN_UNDECLARED_SELECTOR = YES;
				GCC_WARN_UNINITIALIZED_AUTOS = YES_AGGRESSIVE;
				GCC_WARN_UNUSED_FUNCTION = YES;
				GCC_WARN_UNUSED_VARIABLE = YES;
				IPHONEOS_DEPLOYMENT_TARGET = 11.1;
				MTL_ENABLE_DEBUG_INFO = YES;
				ONLY_ACTIVE_ARCH = YES;
				SDKROOT = iphoneos;
				SWIFT_ACTIVE_COMPILATION_CONDITIONS = DEBUG;
				SWIFT_OPTIMIZATION_LEVEL = "-Onone";
			};
			name = Debug;
		};
		AEB6054D1FDEF3D400988871 /* Release */ = {
			isa = XCBuildConfiguration;
			buildSettings = {
				ALWAYS_SEARCH_USER_PATHS = NO;
				CLANG_ANALYZER_NONNULL = YES;
				CLANG_ANALYZER_NUMBER_OBJECT_CONVERSION = YES_AGGRESSIVE;
				CLANG_CXX_LANGUAGE_STANDARD = "gnu++14";
				CLANG_CXX_LIBRARY = "libc++";
				CLANG_ENABLE_MODULES = YES;
				CLANG_ENABLE_OBJC_ARC = YES;
				CLANG_WARN_BLOCK_CAPTURE_AUTORELEASING = YES;
				CLANG_WARN_BOOL_CONVERSION = YES;
				CLANG_WARN_COMMA = YES;
				CLANG_WARN_CONSTANT_CONVERSION = YES;
				CLANG_WARN_DIRECT_OBJC_ISA_USAGE = YES_ERROR;
				CLANG_WARN_DOCUMENTATION_COMMENTS = YES;
				CLANG_WARN_EMPTY_BODY = YES;
				CLANG_WARN_ENUM_CONVERSION = YES;
				CLANG_WARN_INFINITE_RECURSION = YES;
				CLANG_WARN_INT_CONVERSION = YES;
				CLANG_WARN_NON_LITERAL_NULL_CONVERSION = YES;
				CLANG_WARN_OBJC_LITERAL_CONVERSION = YES;
				CLANG_WARN_OBJC_ROOT_CLASS = YES_ERROR;
				CLANG_WARN_RANGE_LOOP_ANALYSIS = YES;
				CLANG_WARN_STRICT_PROTOTYPES = YES;
				CLANG_WARN_SUSPICIOUS_MOVE = YES;
				CLANG_WARN_UNGUARDED_AVAILABILITY = YES_AGGRESSIVE;
				CLANG_WARN_UNREACHABLE_CODE = YES;
				CLANG_WARN__DUPLICATE_METHOD_MATCH = YES;
				CODE_SIGN_IDENTITY = "iPhone Developer";
				COPY_PHASE_STRIP = NO;
				DEBUG_INFORMATION_FORMAT = "dwarf-with-dsym";
				ENABLE_NS_ASSERTIONS = NO;
				ENABLE_STRICT_OBJC_MSGSEND = YES;
				GCC_C_LANGUAGE_STANDARD = gnu11;
				GCC_NO_COMMON_BLOCKS = YES;
				GCC_WARN_64_TO_32_BIT_CONVERSION = YES;
				GCC_WARN_ABOUT_RETURN_TYPE = YES_ERROR;
				GCC_WARN_UNDECLARED_SELECTOR = YES;
				GCC_WARN_UNINITIALIZED_AUTOS = YES_AGGRESSIVE;
				GCC_WARN_UNUSED_FUNCTION = YES;
				GCC_WARN_UNUSED_VARIABLE = YES;
				IPHONEOS_DEPLOYMENT_TARGET = 11.1;
				MTL_ENABLE_DEBUG_INFO = NO;
				SDKROOT = iphoneos;
				SWIFT_OPTIMIZATION_LEVEL = "-Owholemodule";
				VALIDATE_PRODUCT = YES;
			};
			name = Release;
		};
		AEB6054F1FDEF3D400988871 /* Debug */ = {
			isa = XCBuildConfiguration;
			buildSettings = {
				ASSETCATALOG_COMPILER_APPICON_NAME = AppIcon;
				CODE_SIGN_STYLE = Automatic;
				INFOPLIST_FILE = "hello world/Info.plist";
				LD_RUNPATH_SEARCH_PATHS = "$(inherited) @executable_path/Frameworks";
				PRODUCT_BUNDLE_IDENTIFIER = "hello-world.hello-world";
				PRODUCT_NAME = "$(TARGET_NAME)";
				SWIFT_VERSION = 4.0;
				TARGETED_DEVICE_FAMILY = "1,2";
			};
			name = Debug;
		};
		AEB605501FDEF3D400988871 /* Release */ = {
			isa = XCBuildConfiguration;
			buildSettings = {
				ASSETCATALOG_COMPILER_APPICON_NAME = AppIcon;
				CODE_SIGN_STYLE = Automatic;
				INFOPLIST_FILE = "hello world/Info.plist";
				LD_RUNPATH_SEARCH_PATHS = "$(inherited) @executable_path/Frameworks";
				PRODUCT_BUNDLE_IDENTIFIER = "hello-world.hello-world";
				PRODUCT_NAME = "$(TARGET_NAME)";
				SWIFT_VERSION = 4.0;
				TARGETED_DEVICE_FAMILY = "1,2";
			};
			name = Release;
		};
		AEB605521FDEF3D400988871 /* Debug */ = {
			isa = XCBuildConfiguration;
			buildSettings = {
				ALWAYS_EMBED_SWIFT_STANDARD_LIBRARIES = YES;
				BUNDLE_LOADER = "$(TEST_HOST)";
				CODE_SIGN_STYLE = Automatic;
				INFOPLIST_FILE = "hello worldTests/Info.plist";
				LD_RUNPATH_SEARCH_PATHS = "$(inherited) @executable_path/Frameworks @loader_path/Frameworks";
				PRODUCT_BUNDLE_IDENTIFIER = "hello-world.hello-worldTests";
				PRODUCT_NAME = "$(TARGET_NAME)";
				SWIFT_VERSION = 4.0;
				TARGETED_DEVICE_FAMILY = "1,2";
				TEST_HOST = "$(BUILT_PRODUCTS_DIR)/hello world.app/hello world";
			};
			name = Debug;
		};
		AEB605531FDEF3D400988871 /* Release */ = {
			isa = XCBuildConfiguration;
			buildSettings = {
				ALWAYS_EMBED_SWIFT_STANDARD_LIBRARIES = YES;
				BUNDLE_LOADER = "$(TEST_HOST)";
				CODE_SIGN_STYLE = Automatic;
				INFOPLIST_FILE = "hello worldTests/Info.plist";
				LD_RUNPATH_SEARCH_PATHS = "$(inherited) @executable_path/Frameworks @loader_path/Frameworks";
				PRODUCT_BUNDLE_IDENTIFIER = "hello-world.hello-worldTests";
				PRODUCT_NAME = "$(TARGET_NAME)";
				SWIFT_VERSION = 4.0;
				TARGETED_DEVICE_FAMILY = "1,2";
				TEST_HOST = "$(BUILT_PRODUCTS_DIR)/hello world.app/hello world";
			};
			name = Release;
		};
		AEB605551FDEF3D400988871 /* Debug */ = {
			isa = XCBuildConfiguration;
			buildSettings = {
				ALWAYS_EMBED_SWIFT_STANDARD_LIBRARIES = YES;
				CODE_SIGN_STYLE = Automatic;
				INFOPLIST_FILE = "hello worldUITests/Info.plist";
				LD_RUNPATH_SEARCH_PATHS = "$(inherited) @executable_path/Frameworks @loader_path/Frameworks";
				PRODUCT_BUNDLE_IDENTIFIER = "hello-world.hello-worldUITests";
				PRODUCT_NAME = "$(TARGET_NAME)";
				SWIFT_VERSION = 4.0;
				TARGETED_DEVICE_FAMILY = "1,2";
				TEST_TARGET_NAME = "hello world";
			};
			name = Debug;
		};
		AEB605561FDEF3D400988871 /* Release */ = {
			isa = XCBuildConfiguration;
			buildSettings = {
				ALWAYS_EMBED_SWIFT_STANDARD_LIBRARIES = YES;
				CODE_SIGN_STYLE = Automatic;
				INFOPLIST_FILE = "hello worldUITests/Info.plist";
				LD_RUNPATH_SEARCH_PATHS = "$(inherited) @executable_path/Frameworks @loader_path/Frameworks";
				PRODUCT_BUNDLE_IDENTIFIER = "hello-world.hello-worldUITests";
				PRODUCT_NAME = "$(TARGET_NAME)";
				SWIFT_VERSION = 4.0;
				TARGETED_DEVICE_FAMILY = "1,2";
				TEST_TARGET_NAME = "hello world";
			};
			name = Release;
		};
/* End XCBuildConfiguration section */

/* Begin XCConfigurationList section */
		AEB605211FDEF3D300988871 /* Build configuration list for PBXProject "hello world" */ = {
			isa = XCConfigurationList;
			buildConfigurations = (
				AEB6054C1FDEF3D400988871 /* Debug */,
				AEB6054D1FDEF3D400988871 /* Release */,
			);
			defaultConfigurationIsVisible = 0;
			defaultConfigurationName = Release;
		};
		AEB6054E1FDEF3D400988871 /* Build configuration list for PBXNativeTarget "hello world" */ = {
			isa = XCConfigurationList;
			buildConfigurations = (
				AEB6054F1FDEF3D400988871 /* Debug */,
				AEB605501FDEF3D400988871 /* Release */,
			);
			defaultConfigurationIsVisible = 0;
			defaultConfigurationName = Release;
		};
		AEB605511FDEF3D400988871 /* Build configuration list for PBXNativeTarget "hello worldTests" */ = {
			isa = XCConfigurationList;
			buildConfigurations = (
				AEB605521FDEF3D400988871 /* Debug */,
				AEB605531FDEF3D400988871 /* Release */,
			);
			defaultConfigurationIsVisible = 0;
			defaultConfigurationName = Release;
		};
		AEB605541FDEF3D400988871 /* Build configuration list for PBXNativeTarget "hello worldUITests" */ = {
			isa = XCConfigurationList;
			buildConfigurations = (
				AEB605551FDEF3D400988871 /* Debug */,
				AEB605561FDEF3D400988871 /* Release */,
			);
			defaultConfigurationIsVisible = 0;
			defaultConfigurationName = Release;
		};
/* End XCConfigurationList section */
	};
	rootObject = AEB6051E1FDEF3D300988871 /* Project object */;
}
